// !$*UTF8*$!
{
	archiveVersion = 1;
	classes = {
	};
	objectVersion = 56;
	objects = {

/* Begin PBXBuildFile section */
		5F3EA0912B53C12F003A7E91 /* ItemRow.swift in Sources */ = {isa = PBXBuildFile; fileRef = 5F3EA0902B53C12F003A7E91 /* ItemRow.swift */; };
		5FD448B12B53B5C100713CCA /* iDineApp.swift in Sources */ = {isa = PBXBuildFile; fileRef = 5FD448B02B53B5C100713CCA /* iDineApp.swift */; };
		5FD448B32B53B5C100713CCA /* ContentView.swift in Sources */ = {isa = PBXBuildFile; fileRef = 5FD448B22B53B5C100713CCA /* ContentView.swift */; };
		5FD448B52B53B5C300713CCA /* Assets.xcassets in Resources */ = {isa = PBXBuildFile; fileRef = 5FD448B42B53B5C300713CCA /* Assets.xcassets */; };
		5FD448B82B53B5C300713CCA /* Preview Assets.xcassets in Resources */ = {isa = PBXBuildFile; fileRef = 5FD448B72B53B5C300713CCA /* Preview Assets.xcassets */; };
		5FD448C22B53B5C400713CCA /* iDineTests.swift in Sources */ = {isa = PBXBuildFile; fileRef = 5FD448C12B53B5C400713CCA /* iDineTests.swift */; };
		5FD448CC2B53B5C400713CCA /* iDineUITests.swift in Sources */ = {isa = PBXBuildFile; fileRef = 5FD448CB2B53B5C400713CCA /* iDineUITests.swift */; };
		5FD448CE2B53B5C400713CCA /* iDineUITestsLaunchTests.swift in Sources */ = {isa = PBXBuildFile; fileRef = 5FD448CD2B53B5C400713CCA /* iDineUITestsLaunchTests.swift */; };
		5FD448DB2B53B5F900713CCA /* Helper.swift in Sources */ = {isa = PBXBuildFile; fileRef = 5FD448DA2B53B5F900713CCA /* Helper.swift */; };
		5FD448DD2B53B61200713CCA /* Order.swift in Sources */ = {isa = PBXBuildFile; fileRef = 5FD448DC2B53B61200713CCA /* Order.swift */; };
		5FD448DF2B53B61700713CCA /* Menu.swift in Sources */ = {isa = PBXBuildFile; fileRef = 5FD448DE2B53B61700713CCA /* Menu.swift */; };
		5FD448E12B53B65A00713CCA /* menu.json in Resources */ = {isa = PBXBuildFile; fileRef = 5FD448E02B53B65A00713CCA /* menu.json */; };
/* End PBXBuildFile section */

/* Begin PBXContainerItemProxy section */
		5FD448BE2B53B5C400713CCA /* PBXContainerItemProxy */ = {
			isa = PBXContainerItemProxy;
			containerPortal = 5FD448A52B53B5C100713CCA /* Project object */;
			proxyType = 1;
			remoteGlobalIDString = 5FD448AC2B53B5C100713CCA;
			remoteInfo = iDine;
		};
		5FD448C82B53B5C400713CCA /* PBXContainerItemProxy */ = {
			isa = PBXContainerItemProxy;
			containerPortal = 5FD448A52B53B5C100713CCA /* Project object */;
			proxyType = 1;
			remoteGlobalIDString = 5FD448AC2B53B5C100713CCA;
			remoteInfo = iDine;
		};
/* End PBXContainerItemProxy section */

/* Begin PBXFileReference section */
		5F3EA0902B53C12F003A7E91 /* ItemRow.swift */ = {isa = PBXFileReference; lastKnownFileType = sourcecode.swift; path = ItemRow.swift; sourceTree = "<group>"; };
		5FD448AD2B53B5C100713CCA /* iDine.app */ = {isa = PBXFileReference; explicitFileType = wrapper.application; includeInIndex = 0; path = iDine.app; sourceTree = BUILT_PRODUCTS_DIR; };
		5FD448B02B53B5C100713CCA /* iDineApp.swift */ = {isa = PBXFileReference; lastKnownFileType = sourcecode.swift; path = iDineApp.swift; sourceTree = "<group>"; };
		5FD448B22B53B5C100713CCA /* ContentView.swift */ = {isa = PBXFileReference; lastKnownFileType = sourcecode.swift; path = ContentView.swift; sourceTree = "<group>"; };
		5FD448B42B53B5C300713CCA /* Assets.xcassets */ = {isa = PBXFileReference; lastKnownFileType = folder.assetcatalog; path = Assets.xcassets; sourceTree = "<group>"; };
		5FD448B72B53B5C300713CCA /* Preview Assets.xcassets */ = {isa = PBXFileReference; lastKnownFileType = folder.assetcatalog; path = "Preview Assets.xcassets"; sourceTree = "<group>"; };
		5FD448BD2B53B5C400713CCA /* iDineTests.xctest */ = {isa = PBXFileReference; explicitFileType = wrapper.cfbundle; includeInIndex = 0; path = iDineTests.xctest; sourceTree = BUILT_PRODUCTS_DIR; };
		5FD448C12B53B5C400713CCA /* iDineTests.swift */ = {isa = PBXFileReference; lastKnownFileType = sourcecode.swift; path = iDineTests.swift; sourceTree = "<group>"; };
		5FD448C72B53B5C400713CCA /* iDineUITests.xctest */ = {isa = PBXFileReference; explicitFileType = wrapper.cfbundle; includeInIndex = 0; path = iDineUITests.xctest; sourceTree = BUILT_PRODUCTS_DIR; };
		5FD448CB2B53B5C400713CCA /* iDineUITests.swift */ = {isa = PBXFileReference; lastKnownFileType = sourcecode.swift; path = iDineUITests.swift; sourceTree = "<group>"; };
		5FD448CD2B53B5C400713CCA /* iDineUITestsLaunchTests.swift */ = {isa = PBXFileReference; lastKnownFileType = sourcecode.swift; path = iDineUITestsLaunchTests.swift; sourceTree = "<group>"; };
		5FD448DA2B53B5F900713CCA /* Helper.swift */ = {isa = PBXFileReference; fileEncoding = 4; lastKnownFileType = sourcecode.swift; name = Helper.swift; path = ../../../Desktop/Code/idine/Helper.swift; sourceTree = "<group>"; };
		5FD448DC2B53B61200713CCA /* Order.swift */ = {isa = PBXFileReference; fileEncoding = 4; lastKnownFileType = sourcecode.swift; name = Order.swift; path = ../../../Desktop/Code/idine/Order.swift; sourceTree = "<group>"; };
		5FD448DE2B53B61700713CCA /* Menu.swift */ = {isa = PBXFileReference; fileEncoding = 4; lastKnownFileType = sourcecode.swift; name = Menu.swift; path = ../../../Desktop/Code/idine/Menu.swift; sourceTree = "<group>"; };
		5FD448E02B53B65A00713CCA /* menu.json */ = {isa = PBXFileReference; fileEncoding = 4; lastKnownFileType = text.json; name = menu.json; path = ../../../Desktop/Code/idine/menu.json; sourceTree = "<group>"; };
/* End PBXFileReference section */

/* Begin PBXFrameworksBuildPhase section */
		5FD448AA2B53B5C100713CCA /* Frameworks */ = {
			isa = PBXFrameworksBuildPhase;
			buildActionMask = 2147483647;
			files = (
			);
			runOnlyForDeploymentPostprocessing = 0;
		};
		5FD448BA2B53B5C400713CCA /* Frameworks */ = {
			isa = PBXFrameworksBuildPhase;
			buildActionMask = 2147483647;
			files = (
			);
			runOnlyForDeploymentPostprocessing = 0;
		};
		5FD448C42B53B5C400713CCA /* Frameworks */ = {
			isa = PBXFrameworksBuildPhase;
			buildActionMask = 2147483647;
			files = (
			);
			runOnlyForDeploymentPostprocessing = 0;
		};
/* End PBXFrameworksBuildPhase section */

/* Begin PBXGroup section */
		5FD448A42B53B5C100713CCA = {
			isa = PBXGroup;
			children = (
				5FD448AF2B53B5C100713CCA /* iDine */,
				5FD448C02B53B5C400713CCA /* iDineTests */,
				5FD448CA2B53B5C400713CCA /* iDineUITests */,
				5FD448AE2B53B5C100713CCA /* Products */,
			);
			sourceTree = "<group>";
		};
		5FD448AE2B53B5C100713CCA /* Products */ = {
			isa = PBXGroup;
			children = (
				5FD448AD2B53B5C100713CCA /* iDine.app */,
				5FD448BD2B53B5C400713CCA /* iDineTests.xctest */,
				5FD448C72B53B5C400713CCA /* iDineUITests.xctest */,
			);
			name = Products;
			sourceTree = "<group>";
		};
		5FD448AF2B53B5C100713CCA /* iDine */ = {
			isa = PBXGroup;
			children = (
				5FD448DC2B53B61200713CCA /* Order.swift */,
				5FD448DE2B53B61700713CCA /* Menu.swift */,
				5FD448DA2B53B5F900713CCA /* Helper.swift */,
				5FD448E02B53B65A00713CCA /* menu.json */,
				5FD448B02B53B5C100713CCA /* iDineApp.swift */,
				5FD448B22B53B5C100713CCA /* ContentView.swift */,
				5F3EA0902B53C12F003A7E91 /* ItemRow.swift */,
				5FD448B42B53B5C300713CCA /* Assets.xcassets */,
				5FD448B62B53B5C300713CCA /* Preview Content */,
			);
			path = iDine;
			sourceTree = "<group>";
		};
		5FD448B62B53B5C300713CCA /* Preview Content */ = {
			isa = PBXGroup;
			children = (
				5FD448B72B53B5C300713CCA /* Preview Assets.xcassets */,
			);
			path = "Preview Content";
			sourceTree = "<group>";
		};
		5FD448C02B53B5C400713CCA /* iDineTests */ = {
			isa = PBXGroup;
			children = (
				5FD448C12B53B5C400713CCA /* iDineTests.swift */,
			);
			path = iDineTests;
			sourceTree = "<group>";
		};
		5FD448CA2B53B5C400713CCA /* iDineUITests */ = {
			isa = PBXGroup;
			children = (
				5FD448CB2B53B5C400713CCA /* iDineUITests.swift */,
				5FD448CD2B53B5C400713CCA /* iDineUITestsLaunchTests.swift */,
			);
			path = iDineUITests;
			sourceTree = "<group>";
		};
/* End PBXGroup section */

/* Begin PBXNativeTarget section */
		5FD448AC2B53B5C100713CCA /* iDine */ = {
			isa = PBXNativeTarget;
			buildConfigurationList = 5FD448D12B53B5C400713CCA /* Build configuration list for PBXNativeTarget "iDine" */;
			buildPhases = (
				5FD448A92B53B5C100713CCA /* Sources */,
				5FD448AA2B53B5C100713CCA /* Frameworks */,
				5FD448AB2B53B5C100713CCA /* Resources */,
			);
			buildRules = (
			);
			dependencies = (
			);
			name = iDine;
			productName = iDine;
			productReference = 5FD448AD2B53B5C100713CCA /* iDine.app */;
			productType = "com.apple.product-type.application";
		};
		5FD448BC2B53B5C400713CCA /* iDineTests */ = {
			isa = PBXNativeTarget;
			buildConfigurationList = 5FD448D42B53B5C400713CCA /* Build configuration list for PBXNativeTarget "iDineTests" */;
			buildPhases = (
				5FD448B92B53B5C400713CCA /* Sources */,
				5FD448BA2B53B5C400713CCA /* Frameworks */,
				5FD448BB2B53B5C400713CCA /* Resources */,
			);
			buildRules = (
			);
			dependencies = (
				5FD448BF2B53B5C400713CCA /* PBXTargetDependency */,
			);
			name = iDineTests;
			productName = iDineTests;
			productReference = 5FD448BD2B53B5C400713CCA /* iDineTests.xctest */;
			productType = "com.apple.product-type.bundle.unit-test";
		};
		5FD448C62B53B5C400713CCA /* iDineUITests */ = {
			isa = PBXNativeTarget;
			buildConfigurationList = 5FD448D72B53B5C400713CCA /* Build configuration list for PBXNativeTarget "iDineUITests" */;
			buildPhases = (
				5FD448C32B53B5C400713CCA /* Sources */,
				5FD448C42B53B5C400713CCA /* Frameworks */,
				5FD448C52B53B5C400713CCA /* Resources */,
			);
			buildRules = (
			);
			dependencies = (
				5FD448C92B53B5C400713CCA /* PBXTargetDependency */,
			);
			name = iDineUITests;
			productName = iDineUITests;
			productReference = 5FD448C72B53B5C400713CCA /* iDineUITests.xctest */;
			productType = "com.apple.product-type.bundle.ui-testing";
		};
/* End PBXNativeTarget section */

/* Begin PBXProject section */
		5FD448A52B53B5C100713CCA /* Project object */ = {
			isa = PBXProject;
			attributes = {
				BuildIndependentTargetsInParallel = 1;
				LastSwiftUpdateCheck = 1520;
				LastUpgradeCheck = 1520;
				TargetAttributes = {
					5FD448AC2B53B5C100713CCA = {
						CreatedOnToolsVersion = 15.2;
					};
					5FD448BC2B53B5C400713CCA = {
						CreatedOnToolsVersion = 15.2;
						TestTargetID = 5FD448AC2B53B5C100713CCA;
					};
					5FD448C62B53B5C400713CCA = {
						CreatedOnToolsVersion = 15.2;
						TestTargetID = 5FD448AC2B53B5C100713CCA;
					};
				};
			};
			buildConfigurationList = 5FD448A82B53B5C100713CCA /* Build configuration list for PBXProject "iDine" */;
			compatibilityVersion = "Xcode 14.0";
			developmentRegion = en;
			hasScannedForEncodings = 0;
			knownRegions = (
				en,
				Base,
			);
			mainGroup = 5FD448A42B53B5C100713CCA;
			productRefGroup = 5FD448AE2B53B5C100713CCA /* Products */;
			projectDirPath = "";
			projectRoot = "";
			targets = (
				5FD448AC2B53B5C100713CCA /* iDine */,
				5FD448BC2B53B5C400713CCA /* iDineTests */,
				5FD448C62B53B5C400713CCA /* iDineUITests */,
			);
		};
/* End PBXProject section */

/* Begin PBXResourcesBuildPhase section */
		5FD448AB2B53B5C100713CCA /* Resources */ = {
			isa = PBXResourcesBuildPhase;
			buildActionMask = 2147483647;
			files = (
				5FD448E12B53B65A00713CCA /* menu.json in Resources */,
				5FD448B82B53B5C300713CCA /* Preview Assets.xcassets in Resources */,
				5FD448B52B53B5C300713CCA /* Assets.xcassets in Resources */,
			);
			runOnlyForDeploymentPostprocessing = 0;
		};
		5FD448BB2B53B5C400713CCA /* Resources */ = {
			isa = PBXResourcesBuildPhase;
			buildActionMask = 2147483647;
			files = (
			);
			runOnlyForDeploymentPostprocessing = 0;
		};
		5FD448C52B53B5C400713CCA /* Resources */ = {
			isa = PBXResourcesBuildPhase;
			buildActionMask = 2147483647;
			files = (
			);
			runOnlyForDeploymentPostprocessing = 0;
		};
/* End PBXResourcesBuildPhase section */

/* Begin PBXSourcesBuildPhase section */
		5FD448A92B53B5C100713CCA /* Sources */ = {
			isa = PBXSourcesBuildPhase;
			buildActionMask = 2147483647;
			files = (
				5FD448B32B53B5C100713CCA /* ContentView.swift in Sources */,
				5FD448B12B53B5C100713CCA /* iDineApp.swift in Sources */,
				5FD448DD2B53B61200713CCA /* Order.swift in Sources */,
				5F3EA0912B53C12F003A7E91 /* ItemRow.swift in Sources */,
				5FD448DB2B53B5F900713CCA /* Helper.swift in Sources */,
				5FD448DF2B53B61700713CCA /* Menu.swift in Sources */,
			);
			runOnlyForDeploymentPostprocessing = 0;
		};
		5FD448B92B53B5C400713CCA /* Sources */ = {
			isa = PBXSourcesBuildPhase;
			buildActionMask = 2147483647;
			files = (
				5FD448C22B53B5C400713CCA /* iDineTests.swift in Sources */,
			);
			runOnlyForDeploymentPostprocessing = 0;
		};
		5FD448C32B53B5C400713CCA /* Sources */ = {
			isa = PBXSourcesBuildPhase;
			buildActionMask = 2147483647;
			files = (
				5FD448CE2B53B5C400713CCA /* iDineUITestsLaunchTests.swift in Sources */,
				5FD448CC2B53B5C400713CCA /* iDineUITests.swift in Sources */,
			);
			runOnlyForDeploymentPostprocessing = 0;
		};
/* End PBXSourcesBuildPhase section */

/* Begin PBXTargetDependency section */
		5FD448BF2B53B5C400713CCA /* PBXTargetDependency */ = {
			isa = PBXTargetDependency;
			target = 5FD448AC2B53B5C100713CCA /* iDine */;
			targetProxy = 5FD448BE2B53B5C400713CCA /* PBXContainerItemProxy */;
		};
		5FD448C92B53B5C400713CCA /* PBXTargetDependency */ = {
			isa = PBXTargetDependency;
			target = 5FD448AC2B53B5C100713CCA /* iDine */;
			targetProxy = 5FD448C82B53B5C400713CCA /* PBXContainerItemProxy */;
		};
/* End PBXTargetDependency section */

/* Begin XCBuildConfiguration section */
		5FD448CF2B53B5C400713CCA /* Debug */ = {
			isa = XCBuildConfiguration;
			buildSettings = {
				ALWAYS_SEARCH_USER_PATHS = NO;
				ASSETCATALOG_COMPILER_GENERATE_SWIFT_ASSET_SYMBOL_EXTENSIONS = YES;
				CLANG_ANALYZER_NONNULL = YES;
				CLANG_ANALYZER_NUMBER_OBJECT_CONVERSION = YES_AGGRESSIVE;
				CLANG_CXX_LANGUAGE_STANDARD = "gnu++20";
				CLANG_ENABLE_MODULES = YES;
				CLANG_ENABLE_OBJC_ARC = YES;
				CLANG_ENABLE_OBJC_WEAK = YES;
				CLANG_WARN_BLOCK_CAPTURE_AUTORELEASING = YES;
				CLANG_WARN_BOOL_CONVERSION = YES;
				CLANG_WARN_COMMA = YES;
				CLANG_WARN_CONSTANT_CONVERSION = YES;
				CLANG_WARN_DEPRECATED_OBJC_IMPLEMENTATIONS = YES;
				CLANG_WARN_DIRECT_OBJC_ISA_USAGE = YES_ERROR;
				CLANG_WARN_DOCUMENTATION_COMMENTS = YES;
				CLANG_WARN_EMPTY_BODY = YES;
				CLANG_WARN_ENUM_CONVERSION = YES;
				CLANG_WARN_INFINITE_RECURSION = YES;
				CLANG_WARN_INT_CONVERSION = YES;
				CLANG_WARN_NON_LITERAL_NULL_CONVERSION = YES;
				CLANG_WARN_OBJC_IMPLICIT_RETAIN_SELF = YES;
				CLANG_WARN_OBJC_LITERAL_CONVERSION = YES;
				CLANG_WARN_OBJC_ROOT_CLASS = YES_ERROR;
				CLANG_WARN_QUOTED_INCLUDE_IN_FRAMEWORK_HEADER = YES;
				CLANG_WARN_RANGE_LOOP_ANALYSIS = YES;
				CLANG_WARN_STRICT_PROTOTYPES = YES;
				CLANG_WARN_SUSPICIOUS_MOVE = YES;
				CLANG_WARN_UNGUARDED_AVAILABILITY = YES_AGGRESSIVE;
				CLANG_WARN_UNREACHABLE_CODE = YES;
				CLANG_WARN__DUPLICATE_METHOD_MATCH = YES;
				COPY_PHASE_STRIP = NO;
				DEBUG_INFORMATION_FORMAT = dwarf;
				ENABLE_STRICT_OBJC_MSGSEND = YES;
				ENABLE_TESTABILITY = YES;
				ENABLE_USER_SCRIPT_SANDBOXING = YES;
				GCC_C_LANGUAGE_STANDARD = gnu17;
				GCC_DYNAMIC_NO_PIC = NO;
				GCC_NO_COMMON_BLOCKS = YES;
				GCC_OPTIMIZATION_LEVEL = 0;
				GCC_PREPROCESSOR_DEFINITIONS = (
					"DEBUG=1",
					"$(inherited)",
				);
				GCC_WARN_64_TO_32_BIT_CONVERSION = YES;
				GCC_WARN_ABOUT_RETURN_TYPE = YES_ERROR;
				GCC_WARN_UNDECLARED_SELECTOR = YES;
				GCC_WARN_UNINITIALIZED_AUTOS = YES_AGGRESSIVE;
				GCC_WARN_UNUSED_FUNCTION = YES;
				GCC_WARN_UNUSED_VARIABLE = YES;
				IPHONEOS_DEPLOYMENT_TARGET = 17.2;
				LOCALIZATION_PREFERS_STRING_CATALOGS = YES;
				MTL_ENABLE_DEBUG_INFO = INCLUDE_SOURCE;
				MTL_FAST_MATH = YES;
				ONLY_ACTIVE_ARCH = YES;
				SDKROOT = iphoneos;
				SWIFT_ACTIVE_COMPILATION_CONDITIONS = "DEBUG $(inherited)";
				SWIFT_OPTIMIZATION_LEVEL = "-Onone";
			};
			name = Debug;
		};
		5FD448D02B53B5C400713CCA /* Release */ = {
			isa = XCBuildConfiguration;
			buildSettings = {
				ALWAYS_SEARCH_USER_PATHS = NO;
				ASSETCATALOG_COMPILER_GENERATE_SWIFT_ASSET_SYMBOL_EXTENSIONS = YES;
				CLANG_ANALYZER_NONNULL = YES;
				CLANG_ANALYZER_NUMBER_OBJECT_CONVERSION = YES_AGGRESSIVE;
				CLANG_CXX_LANGUAGE_STANDARD = "gnu++20";
				CLANG_ENABLE_MODULES = YES;
				CLANG_ENABLE_OBJC_ARC = YES;
				CLANG_ENABLE_OBJC_WEAK = YES;
				CLANG_WARN_BLOCK_CAPTURE_AUTORELEASING = YES;
				CLANG_WARN_BOOL_CONVERSION = YES;
				CLANG_WARN_COMMA = YES;
				CLANG_WARN_CONSTANT_CONVERSION = YES;
				CLANG_WARN_DEPRECATED_OBJC_IMPLEMENTATIONS = YES;
				CLANG_WARN_DIRECT_OBJC_ISA_USAGE = YES_ERROR;
				CLANG_WARN_DOCUMENTATION_COMMENTS = YES;
				CLANG_WARN_EMPTY_BODY = YES;
				CLANG_WARN_ENUM_CONVERSION = YES;
				CLANG_WARN_INFINITE_RECURSION = YES;
				CLANG_WARN_INT_CONVERSION = YES;
				CLANG_WARN_NON_LITERAL_NULL_CONVERSION = YES;
				CLANG_WARN_OBJC_IMPLICIT_RETAIN_SELF = YES;
				CLANG_WARN_OBJC_LITERAL_CONVERSION = YES;
				CLANG_WARN_OBJC_ROOT_CLASS = YES_ERROR;
				CLANG_WARN_QUOTED_INCLUDE_IN_FRAMEWORK_HEADER = YES;
				CLANG_WARN_RANGE_LOOP_ANALYSIS = YES;
				CLANG_WARN_STRICT_PROTOTYPES = YES;
				CLANG_WARN_SUSPICIOUS_MOVE = YES;
				CLANG_WARN_UNGUARDED_AVAILABILITY = YES_AGGRESSIVE;
				CLANG_WARN_UNREACHABLE_CODE = YES;
				CLANG_WARN__DUPLICATE_METHOD_MATCH = YES;
				COPY_PHASE_STRIP = NO;
				DEBUG_INFORMATION_FORMAT = "dwarf-with-dsym";
				ENABLE_NS_ASSERTIONS = NO;
				ENABLE_STRICT_OBJC_MSGSEND = YES;
				ENABLE_USER_SCRIPT_SANDBOXING = YES;
				GCC_C_LANGUAGE_STANDARD = gnu17;
				GCC_NO_COMMON_BLOCKS = YES;
				GCC_WARN_64_TO_32_BIT_CONVERSION = YES;
				GCC_WARN_ABOUT_RETURN_TYPE = YES_ERROR;
				GCC_WARN_UNDECLARED_SELECTOR = YES;
				GCC_WARN_UNINITIALIZED_AUTOS = YES_AGGRESSIVE;
				GCC_WARN_UNUSED_FUNCTION = YES;
				GCC_WARN_UNUSED_VARIABLE = YES;
				IPHONEOS_DEPLOYMENT_TARGET = 17.2;
				LOCALIZATION_PREFERS_STRING_CATALOGS = YES;
				MTL_ENABLE_DEBUG_INFO = NO;
				MTL_FAST_MATH = YES;
				SDKROOT = iphoneos;
				SWIFT_COMPILATION_MODE = wholemodule;
				VALIDATE_PRODUCT = YES;
			};
			name = Release;
		};
		5FD448D22B53B5C400713CCA /* Debug */ = {
			isa = XCBuildConfiguration;
			buildSettings = {
				ASSETCATALOG_COMPILER_APPICON_NAME = AppIcon;
				ASSETCATALOG_COMPILER_GLOBAL_ACCENT_COLOR_NAME = AccentColor;
				CODE_SIGN_STYLE = Automatic;
				CURRENT_PROJECT_VERSION = 1;
				DEVELOPMENT_ASSET_PATHS = "\"iDine/Preview Content\"";
				DEVELOPMENT_TEAM = 245HDWN6X8;
				ENABLE_PREVIEWS = YES;
				GENERATE_INFOPLIST_FILE = YES;
				INFOPLIST_KEY_UIApplicationSceneManifest_Generation = YES;
				INFOPLIST_KEY_UIApplicationSupportsIndirectInputEvents = YES;
				INFOPLIST_KEY_UILaunchScreen_Generation = YES;
				INFOPLIST_KEY_UISupportedInterfaceOrientations_iPad = "UIInterfaceOrientationPortrait UIInterfaceOrientationPortraitUpsideDown UIInterfaceOrientationLandscapeLeft UIInterfaceOrientationLandscapeRight";
				INFOPLIST_KEY_UISupportedInterfaceOrientations_iPhone = "UIInterfaceOrientationPortrait UIInterfaceOrientationLandscapeLeft UIInterfaceOrientationLandscapeRight";
				LD_RUNPATH_SEARCH_PATHS = (
					"$(inherited)",
					"@executable_path/Frameworks",
				);
				MARKETING_VERSION = 1.0;
				PRODUCT_BUNDLE_IDENTIFIER = Quentin.iDine;
				PRODUCT_NAME = "$(TARGET_NAME)";
				SWIFT_EMIT_LOC_STRINGS = YES;
				SWIFT_VERSION = 5.0;
				TARGETED_DEVICE_FAMILY = "1,2";
			};
			name = Debug;
		};
		5FD448D32B53B5C400713CCA /* Release */ = {
			isa = XCBuildConfiguration;
			buildSettings = {
				ASSETCATALOG_COMPILER_APPICON_NAME = AppIcon;
				ASSETCATALOG_COMPILER_GLOBAL_ACCENT_COLOR_NAME = AccentColor;
				CODE_SIGN_STYLE = Automatic;
				CURRENT_PROJECT_VERSION = 1;
				DEVELOPMENT_ASSET_PATHS = "\"iDine/Preview Content\"";
				DEVELOPMENT_TEAM = 245HDWN6X8;
				ENABLE_PREVIEWS = YES;
				GENERATE_INFOPLIST_FILE = YES;
				INFOPLIST_KEY_UIApplicationSceneManifest_Generation = YES;
				INFOPLIST_KEY_UIApplicationSupportsIndirectInputEvents = YES;
				INFOPLIST_KEY_UILaunchScreen_Generation = YES;
				INFOPLIST_KEY_UISupportedInterfaceOrientations_iPad = "UIInterfaceOrientationPortrait UIInterfaceOrientationPortraitUpsideDown UIInterfaceOrientationLandscapeLeft UIInterfaceOrientationLandscapeRight";
				INFOPLIST_KEY_UISupportedInterfaceOrientations_iPhone = "UIInterfaceOrientationPortrait UIInterfaceOrientationLandscapeLeft UIInterfaceOrientationLandscapeRight";
				LD_RUNPATH_SEARCH_PATHS = (
					"$(inherited)",
					"@executable_path/Frameworks",
				);
				MARKETING_VERSION = 1.0;
				PRODUCT_BUNDLE_IDENTIFIER = Quentin.iDine;
				PRODUCT_NAME = "$(TARGET_NAME)";
				SWIFT_EMIT_LOC_STRINGS = YES;
				SWIFT_VERSION = 5.0;
				TARGETED_DEVICE_FAMILY = "1,2";
			};
			name = Release;
		};
		5FD448D52B53B5C400713CCA /* Debug */ = {
			isa = XCBuildConfiguration;
			buildSettings = {
				ALWAYS_EMBED_SWIFT_STANDARD_LIBRARIES = YES;
				BUNDLE_LOADER = "$(TEST_HOST)";
				CODE_SIGN_STYLE = Automatic;
				CURRENT_PROJECT_VERSION = 1;
				DEVELOPMENT_TEAM = 245HDWN6X8;
				GENERATE_INFOPLIST_FILE = YES;
				IPHONEOS_DEPLOYMENT_TARGET = 17.2;
				MARKETING_VERSION = 1.0;
				PRODUCT_BUNDLE_IDENTIFIER = Quentin.iDineTests;
				PRODUCT_NAME = "$(TARGET_NAME)";
				SWIFT_EMIT_LOC_STRINGS = NO;
				SWIFT_VERSION = 5.0;
				TARGETED_DEVICE_FAMILY = "1,2";
				TEST_HOST = "$(BUILT_PRODUCTS_DIR)/iDine.app/$(BUNDLE_EXECUTABLE_FOLDER_PATH)/iDine";
			};
			name = Debug;
		};
		5FD448D62B53B5C400713CCA /* Release */ = {
			isa = XCBuildConfiguration;
			buildSettings = {
				ALWAYS_EMBED_SWIFT_STANDARD_LIBRARIES = YES;
				BUNDLE_LOADER = "$(TEST_HOST)";
				CODE_SIGN_STYLE = Automatic;
				CURRENT_PROJECT_VERSION = 1;
				DEVELOPMENT_TEAM = 245HDWN6X8;
				GENERATE_INFOPLIST_FILE = YES;
				IPHONEOS_DEPLOYMENT_TARGET = 17.2;
				MARKETING_VERSION = 1.0;
				PRODUCT_BUNDLE_IDENTIFIER = Quentin.iDineTests;
				PRODUCT_NAME = "$(TARGET_NAME)";
				SWIFT_EMIT_LOC_STRINGS = NO;
				SWIFT_VERSION = 5.0;
				TARGETED_DEVICE_FAMILY = "1,2";
				TEST_HOST = "$(BUILT_PRODUCTS_DIR)/iDine.app/$(BUNDLE_EXECUTABLE_FOLDER_PATH)/iDine";
			};
			name = Release;
		};
		5FD448D82B53B5C400713CCA /* Debug */ = {
			isa = XCBuildConfiguration;
			buildSettings = {
				ALWAYS_EMBED_SWIFT_STANDARD_LIBRARIES = YES;
				CODE_SIGN_STYLE = Automatic;
				CURRENT_PROJECT_VERSION = 1;
				DEVELOPMENT_TEAM = 245HDWN6X8;
				GENERATE_INFOPLIST_FILE = YES;
				MARKETING_VERSION = 1.0;
				PRODUCT_BUNDLE_IDENTIFIER = Quentin.iDineUITests;
				PRODUCT_NAME = "$(TARGET_NAME)";
				SWIFT_EMIT_LOC_STRINGS = NO;
				SWIFT_VERSION = 5.0;
				TARGETED_DEVICE_FAMILY = "1,2";
				TEST_TARGET_NAME = iDine;
			};
			name = Debug;
		};
		5FD448D92B53B5C400713CCA /* Release */ = {
			isa = XCBuildConfiguration;
			buildSettings = {
				ALWAYS_EMBED_SWIFT_STANDARD_LIBRARIES = YES;
				CODE_SIGN_STYLE = Automatic;
				CURRENT_PROJECT_VERSION = 1;
				DEVELOPMENT_TEAM = 245HDWN6X8;
				GENERATE_INFOPLIST_FILE = YES;
				MARKETING_VERSION = 1.0;
				PRODUCT_BUNDLE_IDENTIFIER = Quentin.iDineUITests;
				PRODUCT_NAME = "$(TARGET_NAME)";
				SWIFT_EMIT_LOC_STRINGS = NO;
				SWIFT_VERSION = 5.0;
				TARGETED_DEVICE_FAMILY = "1,2";
				TEST_TARGET_NAME = iDine;
			};
			name = Release;
		};
/* End XCBuildConfiguration section */

/* Begin XCConfigurationList section */
		5FD448A82B53B5C100713CCA /* Build configuration list for PBXProject "iDine" */ = {
			isa = XCConfigurationList;
			buildConfigurations = (
				5FD448CF2B53B5C400713CCA /* Debug */,
				5FD448D02B53B5C400713CCA /* Release */,
			);
			defaultConfigurationIsVisible = 0;
			defaultConfigurationName = Release;
		};
		5FD448D12B53B5C400713CCA /* Build configuration list for PBXNativeTarget "iDine" */ = {
			isa = XCConfigurationList;
			buildConfigurations = (
				5FD448D22B53B5C400713CCA /* Debug */,
				5FD448D32B53B5C400713CCA /* Release */,
			);
			defaultConfigurationIsVisible = 0;
			defaultConfigurationName = Release;
		};
		5FD448D42B53B5C400713CCA /* Build configuration list for PBXNativeTarget "iDineTests" */ = {
			isa = XCConfigurationList;
			buildConfigurations = (
				5FD448D52B53B5C400713CCA /* Debug */,
				5FD448D62B53B5C400713CCA /* Release */,
			);
			defaultConfigurationIsVisible = 0;
			defaultConfigurationName = Release;
		};
		5FD448D72B53B5C400713CCA /* Build configuration list for PBXNativeTarget "iDineUITests" */ = {
			isa = XCConfigurationList;
			buildConfigurations = (
				5FD448D82B53B5C400713CCA /* Debug */,
				5FD448D92B53B5C400713CCA /* Release */,
			);
			defaultConfigurationIsVisible = 0;
			defaultConfigurationName = Release;
		};
/* End XCConfigurationList section */
	};
	rootObject = 5FD448A52B53B5C100713CCA /* Project object */;
}
